
Microsoft Visual Studio Solution File, Format Version 12.00
# Visual Studio Version 16
VisualStudioVersion = 16.0.31729.503
MinimumVisualStudioVersion = 10.0.40219.1
Project("{FAE04EC0-301F-11D3-BF4B-00C04F79EFBC}") = "OrderControl", "OrderControl\OrderControl.csproj", "{A543C5F0-F729-44B6-9A4F-23636B713B97}"
EndProject
Global
	GlobalSection(SolutionConfigurationPlatforms) = preSolution
		Debug|Any CPU = Debug|Any CPU
		Release|Any CPU = Release|Any CPU
	EndGlobalSection
	GlobalSection(ProjectConfigurationPlatforms) = postSolution
		{A543C5F0-F729-44B6-9A4F-23636B713B97}.Debug|Any CPU.ActiveCfg = Debug|Any CPU
		{A543C5F0-F729-44B6-9A4F-23636B713B97}.Debug|Any CPU.Build.0 = Debug|Any CPU
		{A543C5F0-F729-44B6-9A4F-23636B713B97}.Release|Any CPU.ActiveCfg = Release|Any CPU
		{A543C5F0-F729-44B6-9A4F-23636B713B97}.Release|Any CPU.Build.0 = Release|Any CPU
	EndGlobalSection
	GlobalSection(SolutionProperties) = preSolution
		HideSolutionNode = FALSE
	EndGlobalSection
	GlobalSection(ExtensibilityGlobals) = postSolution
		SolutionGuid = {7794F504-2C38-4A1C-96E4-D816ABBCDEE0}
	EndGlobalSection
EndGlobal
