
Microsoft Visual Studio Solution File, Format Version 12.00
# Visual Studio Version 16
VisualStudioVersion = 16.0.31729.503
MinimumVisualStudioVersion = 10.0.40219.1
Project("{FAE04EC0-301F-11D3-BF4B-00C04F79EFBC}") = "OrderForm", "OrderForm\OrderForm.csproj", "{195E92B6-C78E-4357-82F6-7C7CB4ADD5C5}"
EndProject
Global
	GlobalSection(SolutionConfigurationPlatforms) = preSolution
		Debug|Any CPU = Debug|Any CPU
		Release|Any CPU = Release|Any CPU
	EndGlobalSection
	GlobalSection(ProjectConfigurationPlatforms) = postSolution
		{195E92B6-C78E-4357-82F6-7C7CB4ADD5C5}.Debug|Any CPU.ActiveCfg = Debug|Any CPU
		{195E92B6-C78E-4357-82F6-7C7CB4ADD5C5}.Debug|Any CPU.Build.0 = Debug|Any CPU
		{195E92B6-C78E-4357-82F6-7C7CB4ADD5C5}.Release|Any CPU.ActiveCfg = Release|Any CPU
		{195E92B6-C78E-4357-82F6-7C7CB4ADD5C5}.Release|Any CPU.Build.0 = Release|Any CPU
	EndGlobalSection
	GlobalSection(SolutionProperties) = preSolution
		HideSolutionNode = FALSE
	EndGlobalSection
	GlobalSection(ExtensibilityGlobals) = postSolution
		SolutionGuid = {37E92955-7DFB-47AD-86BE-1C2FBCC99F6C}
	EndGlobalSection
EndGlobal
