
Microsoft Visual Studio Solution File, Format Version 12.00
# Visual Studio Version 16
VisualStudioVersion = 16.0.31729.503
MinimumVisualStudioVersion = 10.0.40219.1
Project("{9A19103F-16F7-4668-BE54-9A1E7A4F7556}") = "OrderControl", "OrderControl\OrderControl.csproj", "{A543C5F0-F729-44B6-9A4F-23636B713B97}"
EndProject
Project("{FAE04EC0-301F-11D3-BF4B-00C04F79EFBC}") = "TestProject1", "TestProject1\TestProject1.csproj", "{5D6E9214-FD0E-4E0B-B276-C09FCD61476E}"
EndProject
Global
	GlobalSection(SolutionConfigurationPlatforms) = preSolution
		Debug|Any CPU = Debug|Any CPU
		Release|Any CPU = Release|Any CPU
	EndGlobalSection
	GlobalSection(ProjectConfigurationPlatforms) = postSolution
		{A543C5F0-F729-44B6-9A4F-23636B713B97}.Debug|Any CPU.ActiveCfg = Debug|Any CPU
		{A543C5F0-F729-44B6-9A4F-23636B713B97}.Debug|Any CPU.Build.0 = Debug|Any CPU
		{A543C5F0-F729-44B6-9A4F-23636B713B97}.Release|Any CPU.ActiveCfg = Release|Any CPU
		{A543C5F0-F729-44B6-9A4F-23636B713B97}.Release|Any CPU.Build.0 = Release|Any CPU
		{5D6E9214-FD0E-4E0B-B276-C09FCD61476E}.Debug|Any CPU.ActiveCfg = Debug|Any CPU
		{5D6E9214-FD0E-4E0B-B276-C09FCD61476E}.Debug|Any CPU.Build.0 = Debug|Any CPU
		{5D6E9214-FD0E-4E0B-B276-C09FCD61476E}.Release|Any CPU.ActiveCfg = Release|Any CPU
		{5D6E9214-FD0E-4E0B-B276-C09FCD61476E}.Release|Any CPU.Build.0 = Release|Any CPU
	EndGlobalSection
	GlobalSection(SolutionProperties) = preSolution
		HideSolutionNode = FALSE
	EndGlobalSection
	GlobalSection(ExtensibilityGlobals) = postSolution
		SolutionGuid = {7794F504-2C38-4A1C-96E4-D816ABBCDEE0}
	EndGlobalSection
EndGlobal
